
Microsoft Visual Studio Solution File, Format Version 12.00
# Visual Studio Version 16
VisualStudioVersion = 16.0.29411.108
MinimumVisualStudioVersion = 10.0.40219.1
Project("{FAE04EC0-301F-11D3-BF4B-00C04F79EFBC}") = "Bookshelf35", "Bookshelf35\Bookshelf35.csproj", "{22A61155-60EA-4362-89AF-7812736D3CEA}"
EndProject
Global
	GlobalSection(SolutionConfigurationPlatforms) = preSolution
		Debug|Any CPU = Debug|Any CPU
		Release|Any CPU = Release|Any CPU
	EndGlobalSection
	GlobalSection(ProjectConfigurationPlatforms) = postSolution
		{22A61155-60EA-4362-89AF-7812736D3CEA}.Debug|Any CPU.ActiveCfg = Debug|Any CPU
		{22A61155-60EA-4362-89AF-7812736D3CEA}.Debug|Any CPU.Build.0 = Debug|Any CPU
		{22A61155-60EA-4362-89AF-7812736D3CEA}.Release|Any CPU.ActiveCfg = Release|Any CPU
		{22A61155-60EA-4362-89AF-7812736D3CEA}.Release|Any CPU.Build.0 = Release|Any CPU
	EndGlobalSection
	GlobalSection(SolutionProperties) = preSolution
		HideSolutionNode = FALSE
	EndGlobalSection
	GlobalSection(ExtensibilityGlobals) = postSolution
		SolutionGuid = {898702DF-0EDF-4FD0-990C-25C857F8F3FC}
	EndGlobalSection
EndGlobal
